
Microsoft Visual Studio Solution File, Format Version 12.00
# Visual Studio Version 17
VisualStudioVersion = 17.14.36518.9
MinimumVisualStudioVersion = 10.0.40219.1
Project("{2150E333-8FDC-42A3-9474-1A3956D46DE8}") = "src", "src", "{02EA681E-C7D8-13C7-8484-4AC65E1B71E8}"
EndProject
Project("{2150E333-8FDC-42A3-9474-1A3956D46DE8}") = "01.Domain", "01.Domain", "{567D8911-AFA9-46FF-862B-BF83842ECD6A}"
EndProject
Project("{2150E333-8FDC-42A3-9474-1A3956D46DE8}") = "02.Infrustructure", "02.Infrustructure", "{34D0A5B7-9589-4C2A-A84B-6092D4127365}"
EndProject
Project("{2150E333-8FDC-42A3-9474-1A3956D46DE8}") = "03.Presentation", "03.Presentation", "{6FA40A42-36B9-4B41-BB1E-3C88DCE42C66}"
EndProject
Project("{2150E333-8FDC-42A3-9474-1A3956D46DE8}") = "Core", "Core", "{F9E90ADA-8EEF-46AD-A83C-0872C4D07CE9}"
EndProject
Project("{2150E333-8FDC-42A3-9474-1A3956D46DE8}") = "Services", "Services", "{DB4802E9-4889-4407-B89B-7F5B1BA24972}"
EndProject
Project("{2150E333-8FDC-42A3-9474-1A3956D46DE8}") = "DataAccess", "DataAccess", "{69761705-2281-47BF-BDAC-F9804BE56B6E}"
EndProject
Project("{2150E333-8FDC-42A3-9474-1A3956D46DE8}") = "Db", "Db", "{588063E2-2F88-42D3-84DA-570CAD1BD5BF}"
EndProject
Project("{FAE04EC0-301F-11D3-BF4B-00C04F79EFBC}") = "App.Domain.Core", "src\01.Domain\Core\App.Domain.Core\App.Domain.Core.csproj", "{CAACCE93-00CE-4D6C-9D15-3F4D553395A7}"
EndProject
Project("{FAE04EC0-301F-11D3-BF4B-00C04F79EFBC}") = "App.Domain.AppServices", "src\01.Domain\Services\App.Domain.AppServices\App.Domain.AppServices.csproj", "{7CE9F37A-DCD2-45DE-80A5-F4120CE52F05}"
EndProject
Project("{FAE04EC0-301F-11D3-BF4B-00C04F79EFBC}") = "App.Domain.Services", "src\01.Domain\Services\App.Domain.Services\App.Domain.Services.csproj", "{E6A90D52-9FD5-4D2F-B203-72C3C44835B7}"
EndProject
Project("{FAE04EC0-301F-11D3-BF4B-00C04F79EFBC}") = "App.Infra.Data.Repos.Ef", "src\02.Infrustructure\DataAccess\App.Infra.Data.Repos.Ef\App.Infra.Data.Repos.Ef.csproj", "{4EDBCADF-9436-4CB1-8286-5FBA0D32738A}"
EndProject
Project("{FAE04EC0-301F-11D3-BF4B-00C04F79EFBC}") = "App.Infra.Db.SqlServer.Ef", "src\02.Infrustructure\Db\App.Infra.Db.SqlServer.Ef\App.Infra.Db.SqlServer.Ef.csproj", "{F621C477-74E4-411A-AE8C-A45DE14A1910}"
EndProject
Project("{FAE04EC0-301F-11D3-BF4B-00C04F79EFBC}") = "App.EndPoints.RazorPages.HWW20", "src\03.Presentation\App.EndPoints.RazorPages.HWW20\App.EndPoints.RazorPages.HWW20.csproj", "{7084AA07-B5F2-440D-85F9-0E43C62EEA14}"
EndProject
Global
	GlobalSection(SolutionConfigurationPlatforms) = preSolution
		Debug|Any CPU = Debug|Any CPU
		Release|Any CPU = Release|Any CPU
	EndGlobalSection
	GlobalSection(ProjectConfigurationPlatforms) = postSolution
		{CAACCE93-00CE-4D6C-9D15-3F4D553395A7}.Debug|Any CPU.ActiveCfg = Debug|Any CPU
		{CAACCE93-00CE-4D6C-9D15-3F4D553395A7}.Debug|Any CPU.Build.0 = Debug|Any CPU
		{CAACCE93-00CE-4D6C-9D15-3F4D553395A7}.Release|Any CPU.ActiveCfg = Release|Any CPU
		{CAACCE93-00CE-4D6C-9D15-3F4D553395A7}.Release|Any CPU.Build.0 = Release|Any CPU
		{7CE9F37A-DCD2-45DE-80A5-F4120CE52F05}.Debug|Any CPU.ActiveCfg = Debug|Any CPU
		{7CE9F37A-DCD2-45DE-80A5-F4120CE52F05}.Debug|Any CPU.Build.0 = Debug|Any CPU
		{7CE9F37A-DCD2-45DE-80A5-F4120CE52F05}.Release|Any CPU.ActiveCfg = Release|Any CPU
		{7CE9F37A-DCD2-45DE-80A5-F4120CE52F05}.Release|Any CPU.Build.0 = Release|Any CPU
		{E6A90D52-9FD5-4D2F-B203-72C3C44835B7}.Debug|Any CPU.ActiveCfg = Debug|Any CPU
		{E6A90D52-9FD5-4D2F-B203-72C3C44835B7}.Debug|Any CPU.Build.0 = Debug|Any CPU
		{E6A90D52-9FD5-4D2F-B203-72C3C44835B7}.Release|Any CPU.ActiveCfg = Release|Any CPU
		{E6A90D52-9FD5-4D2F-B203-72C3C44835B7}.Release|Any CPU.Build.0 = Release|Any CPU
		{4EDBCADF-9436-4CB1-8286-5FBA0D32738A}.Debug|Any CPU.ActiveCfg = Debug|Any CPU
		{4EDBCADF-9436-4CB1-8286-5FBA0D32738A}.Debug|Any CPU.Build.0 = Debug|Any CPU
		{4EDBCADF-9436-4CB1-8286-5FBA0D32738A}.Release|Any CPU.ActiveCfg = Release|Any CPU
		{4EDBCADF-9436-4CB1-8286-5FBA0D32738A}.Release|Any CPU.Build.0 = Release|Any CPU
		{F621C477-74E4-411A-AE8C-A45DE14A1910}.Debug|Any CPU.ActiveCfg = Debug|Any CPU
		{F621C477-74E4-411A-AE8C-A45DE14A1910}.Debug|Any CPU.Build.0 = Debug|Any CPU
		{F621C477-74E4-411A-AE8C-A45DE14A1910}.Release|Any CPU.ActiveCfg = Release|Any CPU
		{F621C477-74E4-411A-AE8C-A45DE14A1910}.Release|Any CPU.Build.0 = Release|Any CPU
		{7084AA07-B5F2-440D-85F9-0E43C62EEA14}.Debug|Any CPU.ActiveCfg = Debug|Any CPU
		{7084AA07-B5F2-440D-85F9-0E43C62EEA14}.Debug|Any CPU.Build.0 = Debug|Any CPU
		{7084AA07-B5F2-440D-85F9-0E43C62EEA14}.Release|Any CPU.ActiveCfg = Release|Any CPU
		{7084AA07-B5F2-440D-85F9-0E43C62EEA14}.Release|Any CPU.Build.0 = Release|Any CPU
	EndGlobalSection
	GlobalSection(SolutionProperties) = preSolution
		HideSolutionNode = FALSE
	EndGlobalSection
	GlobalSection(NestedProjects) = preSolution
		{567D8911-AFA9-46FF-862B-BF83842ECD6A} = {02EA681E-C7D8-13C7-8484-4AC65E1B71E8}
		{34D0A5B7-9589-4C2A-A84B-6092D4127365} = {02EA681E-C7D8-13C7-8484-4AC65E1B71E8}
		{6FA40A42-36B9-4B41-BB1E-3C88DCE42C66} = {02EA681E-C7D8-13C7-8484-4AC65E1B71E8}
		{F9E90ADA-8EEF-46AD-A83C-0872C4D07CE9} = {567D8911-AFA9-46FF-862B-BF83842ECD6A}
		{DB4802E9-4889-4407-B89B-7F5B1BA24972} = {567D8911-AFA9-46FF-862B-BF83842ECD6A}
		{69761705-2281-47BF-BDAC-F9804BE56B6E} = {34D0A5B7-9589-4C2A-A84B-6092D4127365}
		{588063E2-2F88-42D3-84DA-570CAD1BD5BF} = {34D0A5B7-9589-4C2A-A84B-6092D4127365}
		{CAACCE93-00CE-4D6C-9D15-3F4D553395A7} = {F9E90ADA-8EEF-46AD-A83C-0872C4D07CE9}
		{7CE9F37A-DCD2-45DE-80A5-F4120CE52F05} = {DB4802E9-4889-4407-B89B-7F5B1BA24972}
		{E6A90D52-9FD5-4D2F-B203-72C3C44835B7} = {DB4802E9-4889-4407-B89B-7F5B1BA24972}
		{4EDBCADF-9436-4CB1-8286-5FBA0D32738A} = {69761705-2281-47BF-BDAC-F9804BE56B6E}
		{F621C477-74E4-411A-AE8C-A45DE14A1910} = {588063E2-2F88-42D3-84DA-570CAD1BD5BF}
		{7084AA07-B5F2-440D-85F9-0E43C62EEA14} = {6FA40A42-36B9-4B41-BB1E-3C88DCE42C66}
	EndGlobalSection
	GlobalSection(ExtensibilityGlobals) = postSolution
		SolutionGuid = {7FC77AC0-E991-48E0-B389-379779BC64C2}
	EndGlobalSection
EndGlobal
